
Microsoft Visual Studio Solution File, Format Version 12.00
# Visual Studio Version 17
VisualStudioVersion = 17.5.33502.453
MinimumVisualStudioVersion = 10.0.40219.1
Project("{FAE04EC0-301F-11D3-BF4B-00C04F79EFBC}") = "HangmanServer", "HangmanServer\HangmanServer.csproj", "{F3668720-42A7-4540-9CA4-26ACA88A47EA}"
EndProject
Project("{FAE04EC0-301F-11D3-BF4B-00C04F79EFBC}") = "HangmanClient", "HangmanClient\HangmanClient.csproj", "{C1AC70E1-FCA9-4841-9A85-BA1379351359}"
EndProject
Global
	GlobalSection(SolutionConfigurationPlatforms) = preSolution
		Debug|Any CPU = Debug|Any CPU
		Release|Any CPU = Release|Any CPU
	EndGlobalSection
	GlobalSection(ProjectConfigurationPlatforms) = postSolution
		{F3668720-42A7-4540-9CA4-26ACA88A47EA}.Debug|Any CPU.ActiveCfg = Debug|Any CPU
		{F3668720-42A7-4540-9CA4-26ACA88A47EA}.Debug|Any CPU.Build.0 = Debug|Any CPU
		{F3668720-42A7-4540-9CA4-26ACA88A47EA}.Release|Any CPU.ActiveCfg = Release|Any CPU
		{F3668720-42A7-4540-9CA4-26ACA88A47EA}.Release|Any CPU.Build.0 = Release|Any CPU
		{C1AC70E1-FCA9-4841-9A85-BA1379351359}.Debug|Any CPU.ActiveCfg = Debug|Any CPU
		{C1AC70E1-FCA9-4841-9A85-BA1379351359}.Debug|Any CPU.Build.0 = Debug|Any CPU
		{C1AC70E1-FCA9-4841-9A85-BA1379351359}.Release|Any CPU.ActiveCfg = Release|Any CPU
		{C1AC70E1-FCA9-4841-9A85-BA1379351359}.Release|Any CPU.Build.0 = Release|Any CPU
	EndGlobalSection
	GlobalSection(SolutionProperties) = preSolution
		HideSolutionNode = FALSE
	EndGlobalSection
	GlobalSection(ExtensibilityGlobals) = postSolution
		SolutionGuid = {D944507D-1E88-4280-BEC6-4780B8B5902D}
	EndGlobalSection
EndGlobal
